
Microsoft Visual Studio Solution File, Format Version 12.00
# Visual Studio 15
Project("{FAE04EC0-301F-11D3-BF4B-00C04F79EFBC}") = "Assembly-CSharp", "Assembly-CSharp.csproj", "{3758214C-26D1-508E-6E24-7DB21C20A59C}"
EndProject
Project("{FAE04EC0-301F-11D3-BF4B-00C04F79EFBC}") = "Eionith.ChartFormat", "Eionith.ChartFormat.csproj", "{DD16C1EE-AFB3-CB62-7ED0-C9C12CB50A27}"
EndProject
Global
	GlobalSection(SolutionConfigurationPlatforms) = preSolution
		Debug|Any CPU = Debug|Any CPU
		Release|Any CPU = Release|Any CPU
	EndGlobalSection
	GlobalSection(ProjectConfigurationPlatforms) = postSolution
		{3758214C-26D1-508E-6E24-7DB21C20A59C}.Debug|Any CPU.ActiveCfg = Debug|Any CPU
		{3758214C-26D1-508E-6E24-7DB21C20A59C}.Debug|Any CPU.Build.0 = Debug|Any CPU
		{3758214C-26D1-508E-6E24-7DB21C20A59C}.Release|Any CPU.ActiveCfg = Release|Any CPU
		{3758214C-26D1-508E-6E24-7DB21C20A59C}.Release|Any CPU.Build.0 = Release|Any CPU
		{DD16C1EE-AFB3-CB62-7ED0-C9C12CB50A27}.Debug|Any CPU.ActiveCfg = Debug|Any CPU
		{DD16C1EE-AFB3-CB62-7ED0-C9C12CB50A27}.Debug|Any CPU.Build.0 = Debug|Any CPU
		{DD16C1EE-AFB3-CB62-7ED0-C9C12CB50A27}.Release|Any CPU.ActiveCfg = Release|Any CPU
		{DD16C1EE-AFB3-CB62-7ED0-C9C12CB50A27}.Release|Any CPU.Build.0 = Release|Any CPU
	EndGlobalSection
	GlobalSection(SolutionProperties) = preSolution
		HideSolutionNode = FALSE
	EndGlobalSection
EndGlobal
